
Microsoft Visual Studio Solution File, Format Version 12.00
# Visual Studio Version 16
VisualStudioVersion = 16.0.29020.237
MinimumVisualStudioVersion = 10.0.40219.1
Project("{FAE04EC0-301F-11D3-BF4B-00C04F79EFBC}") = "NijaDomain.Classes", "NijaDomain.Classes.csproj", "{871D6B56-3025-407E-A651-53C577E33DC5}"
EndProject
Project("{FAE04EC0-301F-11D3-BF4B-00C04F79EFBC}") = "NinjaDomain.DataModel", "..\NinjaDomain.DataModel\NinjaDomain.DataModel.csproj", "{9C8AB924-8721-4DE6-B908-27274250D265}"
EndProject
Project("{FAE04EC0-301F-11D3-BF4B-00C04F79EFBC}") = "ConsoleApp2", "..\ConsoleApp2\ConsoleApp2.csproj", "{F466814D-85E4-4CA9-A485-6C0C8726C825}"
EndProject
Project("{2150E333-8FDC-42A3-9474-1A3956D46DE8}") = "MVC5", "MVC5", "{FBDEAD45-730A-47F9-9368-46ACEDA8192C}"
EndProject
Project("{FAE04EC0-301F-11D3-BF4B-00C04F79EFBC}") = "MVCAppNinjaOnly", "..\MVC5Application\MVCAppNinjaOnly.csproj", "{E9B8AD4B-B83B-4F2E-ABD3-A5374F09C7F9}"
EndProject
Project("{FAE04EC0-301F-11D3-BF4B-00C04F79EFBC}") = "MVCAppRepository", "..\MVCAppRepository\MVCAppRepository.csproj", "{F0175134-468D-4F59-BFC3-B1E6FD4B92E0}"
EndProject
Global
	GlobalSection(SolutionConfigurationPlatforms) = preSolution
		Debug|Any CPU = Debug|Any CPU
		Release|Any CPU = Release|Any CPU
	EndGlobalSection
	GlobalSection(ProjectConfigurationPlatforms) = postSolution
		{871D6B56-3025-407E-A651-53C577E33DC5}.Debug|Any CPU.ActiveCfg = Debug|Any CPU
		{871D6B56-3025-407E-A651-53C577E33DC5}.Debug|Any CPU.Build.0 = Debug|Any CPU
		{871D6B56-3025-407E-A651-53C577E33DC5}.Release|Any CPU.ActiveCfg = Release|Any CPU
		{871D6B56-3025-407E-A651-53C577E33DC5}.Release|Any CPU.Build.0 = Release|Any CPU
		{9C8AB924-8721-4DE6-B908-27274250D265}.Debug|Any CPU.ActiveCfg = Debug|Any CPU
		{9C8AB924-8721-4DE6-B908-27274250D265}.Debug|Any CPU.Build.0 = Debug|Any CPU
		{9C8AB924-8721-4DE6-B908-27274250D265}.Release|Any CPU.ActiveCfg = Release|Any CPU
		{9C8AB924-8721-4DE6-B908-27274250D265}.Release|Any CPU.Build.0 = Release|Any CPU
		{F466814D-85E4-4CA9-A485-6C0C8726C825}.Debug|Any CPU.ActiveCfg = Debug|Any CPU
		{F466814D-85E4-4CA9-A485-6C0C8726C825}.Debug|Any CPU.Build.0 = Debug|Any CPU
		{F466814D-85E4-4CA9-A485-6C0C8726C825}.Release|Any CPU.ActiveCfg = Release|Any CPU
		{F466814D-85E4-4CA9-A485-6C0C8726C825}.Release|Any CPU.Build.0 = Release|Any CPU
		{E9B8AD4B-B83B-4F2E-ABD3-A5374F09C7F9}.Debug|Any CPU.ActiveCfg = Debug|Any CPU
		{E9B8AD4B-B83B-4F2E-ABD3-A5374F09C7F9}.Debug|Any CPU.Build.0 = Debug|Any CPU
		{E9B8AD4B-B83B-4F2E-ABD3-A5374F09C7F9}.Release|Any CPU.ActiveCfg = Release|Any CPU
		{E9B8AD4B-B83B-4F2E-ABD3-A5374F09C7F9}.Release|Any CPU.Build.0 = Release|Any CPU
		{F0175134-468D-4F59-BFC3-B1E6FD4B92E0}.Debug|Any CPU.ActiveCfg = Debug|Any CPU
		{F0175134-468D-4F59-BFC3-B1E6FD4B92E0}.Debug|Any CPU.Build.0 = Debug|Any CPU
		{F0175134-468D-4F59-BFC3-B1E6FD4B92E0}.Release|Any CPU.ActiveCfg = Release|Any CPU
		{F0175134-468D-4F59-BFC3-B1E6FD4B92E0}.Release|Any CPU.Build.0 = Release|Any CPU
	EndGlobalSection
	GlobalSection(SolutionProperties) = preSolution
		HideSolutionNode = FALSE
	EndGlobalSection
	GlobalSection(NestedProjects) = preSolution
		{E9B8AD4B-B83B-4F2E-ABD3-A5374F09C7F9} = {FBDEAD45-730A-47F9-9368-46ACEDA8192C}
		{F0175134-468D-4F59-BFC3-B1E6FD4B92E0} = {FBDEAD45-730A-47F9-9368-46ACEDA8192C}
	EndGlobalSection
	GlobalSection(ExtensibilityGlobals) = postSolution
		SolutionGuid = {FE5004F7-7C53-438E-A2EE-CBB0C1688607}
	EndGlobalSection
EndGlobal
